// !$*UTF8*$!
{
	archiveVersion = 1;
	classes = {
	};
	objectVersion = 50;
	objects = {

/* Begin PBXBuildFile section */
		B53B296A21C3CF3F00320059 /* AppDelegate.swift in Sources */ = {isa = PBXBuildFile; fileRef = B53B296921C3CF3F00320059 /* AppDelegate.swift */; };
		B53B296C21C3CF3F00320059 /* ViewController.swift in Sources */ = {isa = PBXBuildFile; fileRef = B53B296B21C3CF3F00320059 /* ViewController.swift */; };
		B53B296F21C3CF3F00320059 /* Main.storyboard in Resources */ = {isa = PBXBuildFile; fileRef = B53B296D21C3CF3F00320059 /* Main.storyboard */; };
		B53B297121C3CF4300320059 /* Assets.xcassets in Resources */ = {isa = PBXBuildFile; fileRef = B53B297021C3CF4300320059 /* Assets.xcassets */; };
		B53B297421C3CF4300320059 /* LaunchScreen.storyboard in Resources */ = {isa = PBXBuildFile; fileRef = B53B297221C3CF4300320059 /* LaunchScreen.storyboard */; };
		B53B297F21C3CF4300320059 /* MoviepediaTests.swift in Sources */ = {isa = PBXBuildFile; fileRef = B53B297E21C3CF4300320059 /* MoviepediaTests.swift */; };
		B53B298A21C3CF4400320059 /* MoviepediaUITests.swift in Sources */ = {isa = PBXBuildFile; fileRef = B53B298921C3CF4400320059 /* MoviepediaUITests.swift */; };
		B53B299A21C3D46500320059 /* Film.swift in Sources */ = {isa = PBXBuildFile; fileRef = B53B299921C3D46500320059 /* Film.swift */; };
		B53B299E21C3D49900320059 /* Director.swift in Sources */ = {isa = PBXBuildFile; fileRef = B53B299D21C3D49900320059 /* Director.swift */; };
		B53B29A021C3D4E300320059 /* Actor.swift in Sources */ = {isa = PBXBuildFile; fileRef = B53B299F21C3D4E300320059 /* Actor.swift */; };
		B563741421DE64DC002C7860 /* AuxFunctions.swift in Sources */ = {isa = PBXBuildFile; fileRef = B563741321DE64DC002C7860 /* AuxFunctions.swift */; };
		B563741621DE712E002C7860 /* Costants.swift in Sources */ = {isa = PBXBuildFile; fileRef = B563741521DE712E002C7860 /* Costants.swift */; };
		B572B40F21D6A9E100C48908 /* DataHandler.swift in Sources */ = {isa = PBXBuildFile; fileRef = B572B40E21D6A9E100C48908 /* DataHandler.swift */; };
		B5975F0621DD5EAF00A8842E /* Assets in Resources */ = {isa = PBXBuildFile; fileRef = B5975F0521DD5EAF00A8842E /* Assets */; };
		B5975F1621DD616900A8842E /* Data in Resources */ = {isa = PBXBuildFile; fileRef = B5975F1521DD616900A8842E /* Data */; };
/* End PBXBuildFile section */

/* Begin PBXContainerItemProxy section */
		B53B297B21C3CF4300320059 /* PBXContainerItemProxy */ = {
			isa = PBXContainerItemProxy;
			containerPortal = B53B295E21C3CF3F00320059 /* Project object */;
			proxyType = 1;
			remoteGlobalIDString = B53B296521C3CF3F00320059;
			remoteInfo = Moviepedia;
		};
		B53B298621C3CF4300320059 /* PBXContainerItemProxy */ = {
			isa = PBXContainerItemProxy;
			containerPortal = B53B295E21C3CF3F00320059 /* Project object */;
			proxyType = 1;
			remoteGlobalIDString = B53B296521C3CF3F00320059;
			remoteInfo = Moviepedia;
		};
/* End PBXContainerItemProxy section */

/* Begin PBXFileReference section */
		B53B296621C3CF3F00320059 /* Moviepedia.app */ = {isa = PBXFileReference; explicitFileType = wrapper.application; includeInIndex = 0; path = Moviepedia.app; sourceTree = BUILT_PRODUCTS_DIR; };
		B53B296921C3CF3F00320059 /* AppDelegate.swift */ = {isa = PBXFileReference; lastKnownFileType = sourcecode.swift; path = AppDelegate.swift; sourceTree = "<group>"; };
		B53B296B21C3CF3F00320059 /* ViewController.swift */ = {isa = PBXFileReference; lastKnownFileType = sourcecode.swift; path = ViewController.swift; sourceTree = "<group>"; };
		B53B296E21C3CF3F00320059 /* Base */ = {isa = PBXFileReference; lastKnownFileType = file.storyboard; name = Base; path = Base.lproj/Main.storyboard; sourceTree = "<group>"; };
		B53B297021C3CF4300320059 /* Assets.xcassets */ = {isa = PBXFileReference; lastKnownFileType = folder.assetcatalog; path = Assets.xcassets; sourceTree = "<group>"; };
		B53B297321C3CF4300320059 /* Base */ = {isa = PBXFileReference; lastKnownFileType = file.storyboard; name = Base; path = Base.lproj/LaunchScreen.storyboard; sourceTree = "<group>"; };
		B53B297521C3CF4300320059 /* Info.plist */ = {isa = PBXFileReference; lastKnownFileType = text.plist.xml; path = Info.plist; sourceTree = "<group>"; };
		B53B297A21C3CF4300320059 /* MoviepediaTests.xctest */ = {isa = PBXFileReference; explicitFileType = wrapper.cfbundle; includeInIndex = 0; path = MoviepediaTests.xctest; sourceTree = BUILT_PRODUCTS_DIR; };
		B53B297E21C3CF4300320059 /* MoviepediaTests.swift */ = {isa = PBXFileReference; lastKnownFileType = sourcecode.swift; path = MoviepediaTests.swift; sourceTree = "<group>"; };
		B53B298021C3CF4300320059 /* Info.plist */ = {isa = PBXFileReference; lastKnownFileType = text.plist.xml; path = Info.plist; sourceTree = "<group>"; };
		B53B298521C3CF4300320059 /* MoviepediaUITests.xctest */ = {isa = PBXFileReference; explicitFileType = wrapper.cfbundle; includeInIndex = 0; path = MoviepediaUITests.xctest; sourceTree = BUILT_PRODUCTS_DIR; };
		B53B298921C3CF4400320059 /* MoviepediaUITests.swift */ = {isa = PBXFileReference; lastKnownFileType = sourcecode.swift; path = MoviepediaUITests.swift; sourceTree = "<group>"; };
		B53B298B21C3CF4400320059 /* Info.plist */ = {isa = PBXFileReference; lastKnownFileType = text.plist.xml; path = Info.plist; sourceTree = "<group>"; };
		B53B299921C3D46500320059 /* Film.swift */ = {isa = PBXFileReference; lastKnownFileType = sourcecode.swift; path = Film.swift; sourceTree = "<group>"; };
		B53B299D21C3D49900320059 /* Director.swift */ = {isa = PBXFileReference; lastKnownFileType = sourcecode.swift; path = Director.swift; sourceTree = "<group>"; };
		B53B299F21C3D4E300320059 /* Actor.swift */ = {isa = PBXFileReference; lastKnownFileType = sourcecode.swift; path = Actor.swift; sourceTree = "<group>"; };
		B563741321DE64DC002C7860 /* AuxFunctions.swift */ = {isa = PBXFileReference; lastKnownFileType = sourcecode.swift; path = AuxFunctions.swift; sourceTree = "<group>"; };
		B563741521DE712E002C7860 /* Costants.swift */ = {isa = PBXFileReference; lastKnownFileType = sourcecode.swift; path = Costants.swift; sourceTree = "<group>"; };
		B572B40E21D6A9E100C48908 /* DataHandler.swift */ = {isa = PBXFileReference; lastKnownFileType = sourcecode.swift; path = DataHandler.swift; sourceTree = "<group>"; };
		B5975F0521DD5EAF00A8842E /* Assets */ = {isa = PBXFileReference; lastKnownFileType = folder; path = Assets; sourceTree = "<group>"; };
		B5975F1521DD616900A8842E /* Data */ = {isa = PBXFileReference; lastKnownFileType = folder; path = Data; sourceTree = "<group>"; };
/* End PBXFileReference section */

/* Begin PBXFrameworksBuildPhase section */
		B53B296321C3CF3F00320059 /* Frameworks */ = {
			isa = PBXFrameworksBuildPhase;
			buildActionMask = 2147483647;
			files = (
			);
			runOnlyForDeploymentPostprocessing = 0;
		};
		B53B297721C3CF4300320059 /* Frameworks */ = {
			isa = PBXFrameworksBuildPhase;
			buildActionMask = 2147483647;
			files = (
			);
			runOnlyForDeploymentPostprocessing = 0;
		};
		B53B298221C3CF4300320059 /* Frameworks */ = {
			isa = PBXFrameworksBuildPhase;
			buildActionMask = 2147483647;
			files = (
			);
			runOnlyForDeploymentPostprocessing = 0;
		};
/* End PBXFrameworksBuildPhase section */

/* Begin PBXGroup section */
		B53B295D21C3CF3F00320059 = {
			isa = PBXGroup;
			children = (
				B53B296821C3CF3F00320059 /* Moviepedia */,
				B53B297D21C3CF4300320059 /* MoviepediaTests */,
				B53B298821C3CF4400320059 /* MoviepediaUITests */,
				B53B296721C3CF3F00320059 /* Products */,
			);
			sourceTree = "<group>";
		};
		B53B296721C3CF3F00320059 /* Products */ = {
			isa = PBXGroup;
			children = (
				B53B296621C3CF3F00320059 /* Moviepedia.app */,
				B53B297A21C3CF4300320059 /* MoviepediaTests.xctest */,
				B53B298521C3CF4300320059 /* MoviepediaUITests.xctest */,
			);
			name = Products;
			sourceTree = "<group>";
		};
		B53B296821C3CF3F00320059 /* Moviepedia */ = {
			isa = PBXGroup;
			children = (
				B563741221DE64AE002C7860 /* Helpers */,
				B5975F1521DD616900A8842E /* Data */,
				B5975F0521DD5EAF00A8842E /* Assets */,
				B53B299721C3D41400320059 /* Model */,
				B53B296921C3CF3F00320059 /* AppDelegate.swift */,
				B53B296B21C3CF3F00320059 /* ViewController.swift */,
				B53B296D21C3CF3F00320059 /* Main.storyboard */,
				B53B297021C3CF4300320059 /* Assets.xcassets */,
				B53B297221C3CF4300320059 /* LaunchScreen.storyboard */,
				B53B297521C3CF4300320059 /* Info.plist */,
			);
			path = Moviepedia;
			sourceTree = "<group>";
		};
		B53B297D21C3CF4300320059 /* MoviepediaTests */ = {
			isa = PBXGroup;
			children = (
				B53B297E21C3CF4300320059 /* MoviepediaTests.swift */,
				B53B298021C3CF4300320059 /* Info.plist */,
			);
			path = MoviepediaTests;
			sourceTree = "<group>";
		};
		B53B298821C3CF4400320059 /* MoviepediaUITests */ = {
			isa = PBXGroup;
			children = (
				B53B298921C3CF4400320059 /* MoviepediaUITests.swift */,
				B53B298B21C3CF4400320059 /* Info.plist */,
			);
			path = MoviepediaUITests;
			sourceTree = "<group>";
		};
		B53B299721C3D41400320059 /* Model */ = {
			isa = PBXGroup;
			children = (
				B53B299921C3D46500320059 /* Film.swift */,
				B53B299D21C3D49900320059 /* Director.swift */,
				B53B299F21C3D4E300320059 /* Actor.swift */,
				B572B40E21D6A9E100C48908 /* DataHandler.swift */,
			);
			path = Model;
			sourceTree = "<group>";
		};
		B563741221DE64AE002C7860 /* Helpers */ = {
			isa = PBXGroup;
			children = (
				B563741321DE64DC002C7860 /* AuxFunctions.swift */,
				B563741521DE712E002C7860 /* Costants.swift */,
			);
			path = Helpers;
			sourceTree = "<group>";
		};
/* End PBXGroup section */

/* Begin PBXNativeTarget section */
		B53B296521C3CF3F00320059 /* Moviepedia */ = {
			isa = PBXNativeTarget;
			buildConfigurationList = B53B298E21C3CF4400320059 /* Build configuration list for PBXNativeTarget "Moviepedia" */;
			buildPhases = (
				B53B296221C3CF3F00320059 /* Sources */,
				B53B296321C3CF3F00320059 /* Frameworks */,
				B53B296421C3CF3F00320059 /* Resources */,
			);
			buildRules = (
			);
			dependencies = (
			);
			name = Moviepedia;
			productName = Moviepedia;
			productReference = B53B296621C3CF3F00320059 /* Moviepedia.app */;
			productType = "com.apple.product-type.application";
		};
		B53B297921C3CF4300320059 /* MoviepediaTests */ = {
			isa = PBXNativeTarget;
			buildConfigurationList = B53B299121C3CF4400320059 /* Build configuration list for PBXNativeTarget "MoviepediaTests" */;
			buildPhases = (
				B53B297621C3CF4300320059 /* Sources */,
				B53B297721C3CF4300320059 /* Frameworks */,
				B53B297821C3CF4300320059 /* Resources */,
			);
			buildRules = (
			);
			dependencies = (
				B53B297C21C3CF4300320059 /* PBXTargetDependency */,
			);
			name = MoviepediaTests;
			productName = MoviepediaTests;
			productReference = B53B297A21C3CF4300320059 /* MoviepediaTests.xctest */;
			productType = "com.apple.product-type.bundle.unit-test";
		};
		B53B298421C3CF4300320059 /* MoviepediaUITests */ = {
			isa = PBXNativeTarget;
			buildConfigurationList = B53B299421C3CF4400320059 /* Build configuration list for PBXNativeTarget "MoviepediaUITests" */;
			buildPhases = (
				B53B298121C3CF4300320059 /* Sources */,
				B53B298221C3CF4300320059 /* Frameworks */,
				B53B298321C3CF4300320059 /* Resources */,
			);
			buildRules = (
			);
			dependencies = (
				B53B298721C3CF4300320059 /* PBXTargetDependency */,
			);
			name = MoviepediaUITests;
			productName = MoviepediaUITests;
			productReference = B53B298521C3CF4300320059 /* MoviepediaUITests.xctest */;
			productType = "com.apple.product-type.bundle.ui-testing";
		};
/* End PBXNativeTarget section */

/* Begin PBXProject section */
		B53B295E21C3CF3F00320059 /* Project object */ = {
			isa = PBXProject;
			attributes = {
				LastSwiftUpdateCheck = 1000;
				LastUpgradeCheck = 1000;
				ORGANIZATIONNAME = "Juan Julián";
				TargetAttributes = {
					B53B296521C3CF3F00320059 = {
						CreatedOnToolsVersion = 10.0;
					};
					B53B297921C3CF4300320059 = {
						CreatedOnToolsVersion = 10.0;
						TestTargetID = B53B296521C3CF3F00320059;
					};
					B53B298421C3CF4300320059 = {
						CreatedOnToolsVersion = 10.0;
						TestTargetID = B53B296521C3CF3F00320059;
					};
				};
			};
			buildConfigurationList = B53B296121C3CF3F00320059 /* Build configuration list for PBXProject "Moviepedia" */;
			compatibilityVersion = "Xcode 9.3";
			developmentRegion = en;
			hasScannedForEncodings = 0;
			knownRegions = (
				en,
				Base,
			);
			mainGroup = B53B295D21C3CF3F00320059;
			productRefGroup = B53B296721C3CF3F00320059 /* Products */;
			projectDirPath = "";
			projectRoot = "";
			targets = (
				B53B296521C3CF3F00320059 /* Moviepedia */,
				B53B297921C3CF4300320059 /* MoviepediaTests */,
				B53B298421C3CF4300320059 /* MoviepediaUITests */,
			);
		};
/* End PBXProject section */

/* Begin PBXResourcesBuildPhase section */
		B53B296421C3CF3F00320059 /* Resources */ = {
			isa = PBXResourcesBuildPhase;
			buildActionMask = 2147483647;
			files = (
				B5975F0621DD5EAF00A8842E /* Assets in Resources */,
				B53B297421C3CF4300320059 /* LaunchScreen.storyboard in Resources */,
				B5975F1621DD616900A8842E /* Data in Resources */,
				B53B297121C3CF4300320059 /* Assets.xcassets in Resources */,
				B53B296F21C3CF3F00320059 /* Main.storyboard in Resources */,
			);
			runOnlyForDeploymentPostprocessing = 0;
		};
		B53B297821C3CF4300320059 /* Resources */ = {
			isa = PBXResourcesBuildPhase;
			buildActionMask = 2147483647;
			files = (
			);
			runOnlyForDeploymentPostprocessing = 0;
		};
		B53B298321C3CF4300320059 /* Resources */ = {
			isa = PBXResourcesBuildPhase;
			buildActionMask = 2147483647;
			files = (
			);
			runOnlyForDeploymentPostprocessing = 0;
		};
/* End PBXResourcesBuildPhase section */

/* Begin PBXSourcesBuildPhase section */
		B53B296221C3CF3F00320059 /* Sources */ = {
			isa = PBXSourcesBuildPhase;
			buildActionMask = 2147483647;
			files = (
				B563741621DE712E002C7860 /* Costants.swift in Sources */,
				B53B296C21C3CF3F00320059 /* ViewController.swift in Sources */,
				B572B40F21D6A9E100C48908 /* DataHandler.swift in Sources */,
				B563741421DE64DC002C7860 /* AuxFunctions.swift in Sources */,
				B53B299A21C3D46500320059 /* Film.swift in Sources */,
				B53B299E21C3D49900320059 /* Director.swift in Sources */,
				B53B29A021C3D4E300320059 /* Actor.swift in Sources */,
				B53B296A21C3CF3F00320059 /* AppDelegate.swift in Sources */,
			);
			runOnlyForDeploymentPostprocessing = 0;
		};
		B53B297621C3CF4300320059 /* Sources */ = {
			isa = PBXSourcesBuildPhase;
			buildActionMask = 2147483647;
			files = (
				B53B297F21C3CF4300320059 /* MoviepediaTests.swift in Sources */,
			);
			runOnlyForDeploymentPostprocessing = 0;
		};
		B53B298121C3CF4300320059 /* Sources */ = {
			isa = PBXSourcesBuildPhase;
			buildActionMask = 2147483647;
			files = (
				B53B298A21C3CF4400320059 /* MoviepediaUITests.swift in Sources */,
			);
			runOnlyForDeploymentPostprocessing = 0;
		};
/* End PBXSourcesBuildPhase section */

/* Begin PBXTargetDependency section */
		B53B297C21C3CF4300320059 /* PBXTargetDependency */ = {
			isa = PBXTargetDependency;
			target = B53B296521C3CF3F00320059 /* Moviepedia */;
			targetProxy = B53B297B21C3CF4300320059 /* PBXContainerItemProxy */;
		};
		B53B298721C3CF4300320059 /* PBXTargetDependency */ = {
			isa = PBXTargetDependency;
			target = B53B296521C3CF3F00320059 /* Moviepedia */;
			targetProxy = B53B298621C3CF4300320059 /* PBXContainerItemProxy */;
		};
/* End PBXTargetDependency section */

/* Begin PBXVariantGroup section */
		B53B296D21C3CF3F00320059 /* Main.storyboard */ = {
			isa = PBXVariantGroup;
			children = (
				B53B296E21C3CF3F00320059 /* Base */,
			);
			name = Main.storyboard;
			sourceTree = "<group>";
		};
		B53B297221C3CF4300320059 /* LaunchScreen.storyboard */ = {
			isa = PBXVariantGroup;
			children = (
				B53B297321C3CF4300320059 /* Base */,
			);
			name = LaunchScreen.storyboard;
			sourceTree = "<group>";
		};
/* End PBXVariantGroup section */

/* Begin XCBuildConfiguration section */
		B53B298C21C3CF4400320059 /* Debug */ = {
			isa = XCBuildConfiguration;
			buildSettings = {
				ALWAYS_SEARCH_USER_PATHS = NO;
				CLANG_ANALYZER_NONNULL = YES;
				CLANG_ANALYZER_NUMBER_OBJECT_CONVERSION = YES_AGGRESSIVE;
				CLANG_CXX_LANGUAGE_STANDARD = "gnu++14";
				CLANG_CXX_LIBRARY = "libc++";
				CLANG_ENABLE_MODULES = YES;
				CLANG_ENABLE_OBJC_ARC = YES;
				CLANG_ENABLE_OBJC_WEAK = YES;
				CLANG_WARN_BLOCK_CAPTURE_AUTORELEASING = YES;
				CLANG_WARN_BOOL_CONVERSION = YES;
				CLANG_WARN_COMMA = YES;
				CLANG_WARN_CONSTANT_CONVERSION = YES;
				CLANG_WARN_DEPRECATED_OBJC_IMPLEMENTATIONS = YES;
				CLANG_WARN_DIRECT_OBJC_ISA_USAGE = YES_ERROR;
				CLANG_WARN_DOCUMENTATION_COMMENTS = YES;
				CLANG_WARN_EMPTY_BODY = YES;
				CLANG_WARN_ENUM_CONVERSION = YES;
				CLANG_WARN_INFINITE_RECURSION = YES;
				CLANG_WARN_INT_CONVERSION = YES;
				CLANG_WARN_NON_LITERAL_NULL_CONVERSION = YES;
				CLANG_WARN_OBJC_IMPLICIT_RETAIN_SELF = YES;
				CLANG_WARN_OBJC_LITERAL_CONVERSION = YES;
				CLANG_WARN_OBJC_ROOT_CLASS = YES_ERROR;
				CLANG_WARN_RANGE_LOOP_ANALYSIS = YES;
				CLANG_WARN_STRICT_PROTOTYPES = YES;
				CLANG_WARN_SUSPICIOUS_MOVE = YES;
				CLANG_WARN_UNGUARDED_AVAILABILITY = YES_AGGRESSIVE;
				CLANG_WARN_UNREACHABLE_CODE = YES;
				CLANG_WARN__DUPLICATE_METHOD_MATCH = YES;
				CODE_SIGN_IDENTITY = "iPhone Developer";
				COPY_PHASE_STRIP = NO;
				DEBUG_INFORMATION_FORMAT = dwarf;
				ENABLE_STRICT_OBJC_MSGSEND = YES;
				ENABLE_TESTABILITY = YES;
				GCC_C_LANGUAGE_STANDARD = gnu11;
				GCC_DYNAMIC_NO_PIC = NO;
				GCC_NO_COMMON_BLOCKS = YES;
				GCC_OPTIMIZATION_LEVEL = 0;
				GCC_PREPROCESSOR_DEFINITIONS = (
					"DEBUG=1",
					"$(inherited)",
				);
				GCC_WARN_64_TO_32_BIT_CONVERSION = YES;
				GCC_WARN_ABOUT_RETURN_TYPE = YES_ERROR;
				GCC_WARN_UNDECLARED_SELECTOR = YES;
				GCC_WARN_UNINITIALIZED_AUTOS = YES_AGGRESSIVE;
				GCC_WARN_UNUSED_FUNCTION = YES;
				GCC_WARN_UNUSED_VARIABLE = YES;
				IPHONEOS_DEPLOYMENT_TARGET = 12.0;
				MTL_ENABLE_DEBUG_INFO = INCLUDE_SOURCE;
				MTL_FAST_MATH = YES;
				ONLY_ACTIVE_ARCH = YES;
				SDKROOT = iphoneos;
				SWIFT_ACTIVE_COMPILATION_CONDITIONS = DEBUG;
				SWIFT_OPTIMIZATION_LEVEL = "-Onone";
			};
			name = Debug;
		};
		B53B298D21C3CF4400320059 /* Release */ = {
			isa = XCBuildConfiguration;
			buildSettings = {
				ALWAYS_SEARCH_USER_PATHS = NO;
				CLANG_ANALYZER_NONNULL = YES;
				CLANG_ANALYZER_NUMBER_OBJECT_CONVERSION = YES_AGGRESSIVE;
				CLANG_CXX_LANGUAGE_STANDARD = "gnu++14";
				CLANG_CXX_LIBRARY = "libc++";
				CLANG_ENABLE_MODULES = YES;
				CLANG_ENABLE_OBJC_ARC = YES;
				CLANG_ENABLE_OBJC_WEAK = YES;
				CLANG_WARN_BLOCK_CAPTURE_AUTORELEASING = YES;
				CLANG_WARN_BOOL_CONVERSION = YES;
				CLANG_WARN_COMMA = YES;
				CLANG_WARN_CONSTANT_CONVERSION = YES;
				CLANG_WARN_DEPRECATED_OBJC_IMPLEMENTATIONS = YES;
				CLANG_WARN_DIRECT_OBJC_ISA_USAGE = YES_ERROR;
				CLANG_WARN_DOCUMENTATION_COMMENTS = YES;
				CLANG_WARN_EMPTY_BODY = YES;
				CLANG_WARN_ENUM_CONVERSION = YES;
				CLANG_WARN_INFINITE_RECURSION = YES;
				CLANG_WARN_INT_CONVERSION = YES;
				CLANG_WARN_NON_LITERAL_NULL_CONVERSION = YES;
				CLANG_WARN_OBJC_IMPLICIT_RETAIN_SELF = YES;
				CLANG_WARN_OBJC_LITERAL_CONVERSION = YES;
				CLANG_WARN_OBJC_ROOT_CLASS = YES_ERROR;
				CLANG_WARN_RANGE_LOOP_ANALYSIS = YES;
				CLANG_WARN_STRICT_PROTOTYPES = YES;
				CLANG_WARN_SUSPICIOUS_MOVE = YES;
				CLANG_WARN_UNGUARDED_AVAILABILITY = YES_AGGRESSIVE;
				CLANG_WARN_UNREACHABLE_CODE = YES;
				CLANG_WARN__DUPLICATE_METHOD_MATCH = YES;
				CODE_SIGN_IDENTITY = "iPhone Developer";
				COPY_PHASE_STRIP = NO;
				DEBUG_INFORMATION_FORMAT = "dwarf-with-dsym";
				ENABLE_NS_ASSERTIONS = NO;
				ENABLE_STRICT_OBJC_MSGSEND = YES;
				GCC_C_LANGUAGE_STANDARD = gnu11;
				GCC_NO_COMMON_BLOCKS = YES;
				GCC_WARN_64_TO_32_BIT_CONVERSION = YES;
				GCC_WARN_ABOUT_RETURN_TYPE = YES_ERROR;
				GCC_WARN_UNDECLARED_SELECTOR = YES;
				GCC_WARN_UNINITIALIZED_AUTOS = YES_AGGRESSIVE;
				GCC_WARN_UNUSED_FUNCTION = YES;
				GCC_WARN_UNUSED_VARIABLE = YES;
				IPHONEOS_DEPLOYMENT_TARGET = 12.0;
				MTL_ENABLE_DEBUG_INFO = NO;
				MTL_FAST_MATH = YES;
				SDKROOT = iphoneos;
				SWIFT_COMPILATION_MODE = wholemodule;
				SWIFT_OPTIMIZATION_LEVEL = "-O";
				VALIDATE_PRODUCT = YES;
			};
			name = Release;
		};
		B53B298F21C3CF4400320059 /* Debug */ = {
			isa = XCBuildConfiguration;
			buildSettings = {
				ASSETCATALOG_COMPILER_APPICON_NAME = AppIcon;
				CODE_SIGN_STYLE = Automatic;
				INFOPLIST_FILE = Moviepedia/Info.plist;
				LD_RUNPATH_SEARCH_PATHS = (
					"$(inherited)",
					"@executable_path/Frameworks",
				);
				PRODUCT_BUNDLE_IDENTIFIER = jj.Moviepedia;
				PRODUCT_NAME = "$(TARGET_NAME)";
				SWIFT_VERSION = 4.2;
				TARGETED_DEVICE_FAMILY = "1,2";
			};
			name = Debug;
		};
		B53B299021C3CF4400320059 /* Release */ = {
			isa = XCBuildConfiguration;
			buildSettings = {
				ASSETCATALOG_COMPILER_APPICON_NAME = AppIcon;
				CODE_SIGN_STYLE = Automatic;
				INFOPLIST_FILE = Moviepedia/Info.plist;
				LD_RUNPATH_SEARCH_PATHS = (
					"$(inherited)",
					"@executable_path/Frameworks",
				);
				PRODUCT_BUNDLE_IDENTIFIER = jj.Moviepedia;
				PRODUCT_NAME = "$(TARGET_NAME)";
				SWIFT_VERSION = 4.2;
				TARGETED_DEVICE_FAMILY = "1,2";
			};
			name = Release;
		};
		B53B299221C3CF4400320059 /* Debug */ = {
			isa = XCBuildConfiguration;
			buildSettings = {
				ALWAYS_EMBED_SWIFT_STANDARD_LIBRARIES = YES;
				BUNDLE_LOADER = "$(TEST_HOST)";
				CODE_SIGN_STYLE = Automatic;
				INFOPLIST_FILE = MoviepediaTests/Info.plist;
				LD_RUNPATH_SEARCH_PATHS = (
					"$(inherited)",
					"@executable_path/Frameworks",
					"@loader_path/Frameworks",
				);
				PRODUCT_BUNDLE_IDENTIFIER = jj.MoviepediaTests;
				PRODUCT_NAME = "$(TARGET_NAME)";
				SWIFT_VERSION = 4.2;
				TARGETED_DEVICE_FAMILY = "1,2";
				TEST_HOST = "$(BUILT_PRODUCTS_DIR)/Moviepedia.app/Moviepedia";
			};
			name = Debug;
		};
		B53B299321C3CF4400320059 /* Release */ = {
			isa = XCBuildConfiguration;
			buildSettings = {
				ALWAYS_EMBED_SWIFT_STANDARD_LIBRARIES = YES;
				BUNDLE_LOADER = "$(TEST_HOST)";
				CODE_SIGN_STYLE = Automatic;
				INFOPLIST_FILE = MoviepediaTests/Info.plist;
				LD_RUNPATH_SEARCH_PATHS = (
					"$(inherited)",
					"@executable_path/Frameworks",
					"@loader_path/Frameworks",
				);
				PRODUCT_BUNDLE_IDENTIFIER = jj.MoviepediaTests;
				PRODUCT_NAME = "$(TARGET_NAME)";
				SWIFT_VERSION = 4.2;
				TARGETED_DEVICE_FAMILY = "1,2";
				TEST_HOST = "$(BUILT_PRODUCTS_DIR)/Moviepedia.app/Moviepedia";
			};
			name = Release;
		};
		B53B299521C3CF4400320059 /* Debug */ = {
			isa = XCBuildConfiguration;
			buildSettings = {
				ALWAYS_EMBED_SWIFT_STANDARD_LIBRARIES = YES;
				CODE_SIGN_STYLE = Automatic;
				INFOPLIST_FILE = MoviepediaUITests/Info.plist;
				LD_RUNPATH_SEARCH_PATHS = (
					"$(inherited)",
					"@executable_path/Frameworks",
					"@loader_path/Frameworks",
				);
				PRODUCT_BUNDLE_IDENTIFIER = jj.MoviepediaUITests;
				PRODUCT_NAME = "$(TARGET_NAME)";
				SWIFT_VERSION = 4.2;
				TARGETED_DEVICE_FAMILY = "1,2";
				TEST_TARGET_NAME = Moviepedia;
			};
			name = Debug;
		};
		B53B299621C3CF4400320059 /* Release */ = {
			isa = XCBuildConfiguration;
			buildSettings = {
				ALWAYS_EMBED_SWIFT_STANDARD_LIBRARIES = YES;
				CODE_SIGN_STYLE = Automatic;
				INFOPLIST_FILE = MoviepediaUITests/Info.plist;
				LD_RUNPATH_SEARCH_PATHS = (
					"$(inherited)",
					"@executable_path/Frameworks",
					"@loader_path/Frameworks",
				);
				PRODUCT_BUNDLE_IDENTIFIER = jj.MoviepediaUITests;
				PRODUCT_NAME = "$(TARGET_NAME)";
				SWIFT_VERSION = 4.2;
				TARGETED_DEVICE_FAMILY = "1,2";
				TEST_TARGET_NAME = Moviepedia;
			};
			name = Release;
		};
/* End XCBuildConfiguration section */

/* Begin XCConfigurationList section */
		B53B296121C3CF3F00320059 /* Build configuration list for PBXProject "Moviepedia" */ = {
			isa = XCConfigurationList;
			buildConfigurations = (
				B53B298C21C3CF4400320059 /* Debug */,
				B53B298D21C3CF4400320059 /* Release */,
			);
			defaultConfigurationIsVisible = 0;
			defaultConfigurationName = Release;
		};
		B53B298E21C3CF4400320059 /* Build configuration list for PBXNativeTarget "Moviepedia" */ = {
			isa = XCConfigurationList;
			buildConfigurations = (
				B53B298F21C3CF4400320059 /* Debug */,
				B53B299021C3CF4400320059 /* Release */,
			);
			defaultConfigurationIsVisible = 0;
			defaultConfigurationName = Release;
		};
		B53B299121C3CF4400320059 /* Build configuration list for PBXNativeTarget "MoviepediaTests" */ = {
			isa = XCConfigurationList;
			buildConfigurations = (
				B53B299221C3CF4400320059 /* Debug */,
				B53B299321C3CF4400320059 /* Release */,
			);
			defaultConfigurationIsVisible = 0;
			defaultConfigurationName = Release;
		};
		B53B299421C3CF4400320059 /* Build configuration list for PBXNativeTarget "MoviepediaUITests" */ = {
			isa = XCConfigurationList;
			buildConfigurations = (
				B53B299521C3CF4400320059 /* Debug */,
				B53B299621C3CF4400320059 /* Release */,
			);
			defaultConfigurationIsVisible = 0;
			defaultConfigurationName = Release;
		};
/* End XCConfigurationList section */
	};
	rootObject = B53B295E21C3CF3F00320059 /* Project object */;
}
